
Microsoft Visual Studio Solution File, Format Version 12.00
# Visual Studio 15
VisualStudioVersion = 15.0.28010.2050
MinimumVisualStudioVersion = 10.0.40219.1
Project("{FAE04EC0-301F-11D3-BF4B-00C04F79EFBC}") = "Automapper", "Automapper\Automapper.csproj", "{809819F7-CA68-4F76-B467-B04A73C06DB1}"
EndProject
Project("{FAE04EC0-301F-11D3-BF4B-00C04F79EFBC}") = "Example1-Automapper", "Example1-Automapper\Example1-Automapper.csproj", "{D0964B35-FDEE-48D6-A2CC-13C09E8AFC1D}"
EndProject
Project("{FAE04EC0-301F-11D3-BF4B-00C04F79EFBC}") = "Example2-AutoMapper", "Example2-AutoMapper\Example2-AutoMapper.csproj", "{7FC55654-1792-4BBE-B5FC-86B7F6744246}"
EndProject
Project("{FAE04EC0-301F-11D3-BF4B-00C04F79EFBC}") = "Example3-AutoMapperWithProjections", "Example3-AutoMapperWithProjections\Example3-AutoMapperWithProjections.csproj", "{A1C4A7D2-B49F-4DD0-9A88-D38AA5CC2E69}"
EndProject
Global
	GlobalSection(SolutionConfigurationPlatforms) = preSolution
		Debug|Any CPU = Debug|Any CPU
		Release|Any CPU = Release|Any CPU
	EndGlobalSection
	GlobalSection(ProjectConfigurationPlatforms) = postSolution
		{809819F7-CA68-4F76-B467-B04A73C06DB1}.Debug|Any CPU.ActiveCfg = Debug|Any CPU
		{809819F7-CA68-4F76-B467-B04A73C06DB1}.Debug|Any CPU.Build.0 = Debug|Any CPU
		{809819F7-CA68-4F76-B467-B04A73C06DB1}.Release|Any CPU.ActiveCfg = Release|Any CPU
		{809819F7-CA68-4F76-B467-B04A73C06DB1}.Release|Any CPU.Build.0 = Release|Any CPU
		{D0964B35-FDEE-48D6-A2CC-13C09E8AFC1D}.Debug|Any CPU.ActiveCfg = Debug|Any CPU
		{D0964B35-FDEE-48D6-A2CC-13C09E8AFC1D}.Debug|Any CPU.Build.0 = Debug|Any CPU
		{D0964B35-FDEE-48D6-A2CC-13C09E8AFC1D}.Release|Any CPU.ActiveCfg = Release|Any CPU
		{D0964B35-FDEE-48D6-A2CC-13C09E8AFC1D}.Release|Any CPU.Build.0 = Release|Any CPU
		{7FC55654-1792-4BBE-B5FC-86B7F6744246}.Debug|Any CPU.ActiveCfg = Debug|Any CPU
		{7FC55654-1792-4BBE-B5FC-86B7F6744246}.Debug|Any CPU.Build.0 = Debug|Any CPU
		{7FC55654-1792-4BBE-B5FC-86B7F6744246}.Release|Any CPU.ActiveCfg = Release|Any CPU
		{7FC55654-1792-4BBE-B5FC-86B7F6744246}.Release|Any CPU.Build.0 = Release|Any CPU
		{A1C4A7D2-B49F-4DD0-9A88-D38AA5CC2E69}.Debug|Any CPU.ActiveCfg = Debug|Any CPU
		{A1C4A7D2-B49F-4DD0-9A88-D38AA5CC2E69}.Debug|Any CPU.Build.0 = Debug|Any CPU
		{A1C4A7D2-B49F-4DD0-9A88-D38AA5CC2E69}.Release|Any CPU.ActiveCfg = Release|Any CPU
		{A1C4A7D2-B49F-4DD0-9A88-D38AA5CC2E69}.Release|Any CPU.Build.0 = Release|Any CPU
	EndGlobalSection
	GlobalSection(SolutionProperties) = preSolution
		HideSolutionNode = FALSE
	EndGlobalSection
	GlobalSection(ExtensibilityGlobals) = postSolution
		SolutionGuid = {B142C0A5-7F1D-47CC-A9F3-234C9636D1D4}
	EndGlobalSection
EndGlobal
